
Microsoft Visual Studio Solution File, Format Version 12.00
# Visual Studio 15
VisualStudioVersion = 15.0.26823.1
MinimumVisualStudioVersion = 10.0.40219.1
Project("{FAE04EC0-301F-11D3-BF4B-00C04F79EFBC}") = "Authentication.Cookies", "Authentication.Cookies\Authentication.Cookies.csproj", "{A864EAFD-562D-4DD7-83A9-8D8560790990}"
EndProject
Global
	GlobalSection(SolutionConfigurationPlatforms) = preSolution
		Debug|Any CPU = Debug|Any CPU
		Release|Any CPU = Release|Any CPU
	EndGlobalSection
	GlobalSection(ProjectConfigurationPlatforms) = postSolution
		{A864EAFD-562D-4DD7-83A9-8D8560790990}.Debug|Any CPU.ActiveCfg = Debug|Any CPU
		{A864EAFD-562D-4DD7-83A9-8D8560790990}.Debug|Any CPU.Build.0 = Debug|Any CPU
		{A864EAFD-562D-4DD7-83A9-8D8560790990}.Release|Any CPU.ActiveCfg = Release|Any CPU
		{A864EAFD-562D-4DD7-83A9-8D8560790990}.Release|Any CPU.Build.0 = Release|Any CPU
	EndGlobalSection
	GlobalSection(SolutionProperties) = preSolution
		HideSolutionNode = FALSE
	EndGlobalSection
	GlobalSection(ExtensibilityGlobals) = postSolution
		SolutionGuid = {E9A1D3F7-2446-4BC4-BF09-DA8F2ACA83D6}
	EndGlobalSection
EndGlobal
